
Microsoft Visual Studio Solution File, Format Version 12.00
# Visual Studio Version 16
VisualStudioVersion = 16.0.31729.503
MinimumVisualStudioVersion = 10.0.40219.1
Project("{FAE04EC0-301F-11D3-BF4B-00C04F79EFBC}") = "MadLibs", "MadLibs\MadLibs.csproj", "{C9875A0D-9123-44BD-B1C9-C7F9C1A897FF}"
EndProject
Global
	GlobalSection(SolutionConfigurationPlatforms) = preSolution
		Debug|Any CPU = Debug|Any CPU
		Release|Any CPU = Release|Any CPU
	EndGlobalSection
	GlobalSection(ProjectConfigurationPlatforms) = postSolution
		{C9875A0D-9123-44BD-B1C9-C7F9C1A897FF}.Debug|Any CPU.ActiveCfg = Debug|Any CPU
		{C9875A0D-9123-44BD-B1C9-C7F9C1A897FF}.Debug|Any CPU.Build.0 = Debug|Any CPU
		{C9875A0D-9123-44BD-B1C9-C7F9C1A897FF}.Release|Any CPU.ActiveCfg = Release|Any CPU
		{C9875A0D-9123-44BD-B1C9-C7F9C1A897FF}.Release|Any CPU.Build.0 = Release|Any CPU
	EndGlobalSection
	GlobalSection(SolutionProperties) = preSolution
		HideSolutionNode = FALSE
	EndGlobalSection
	GlobalSection(ExtensibilityGlobals) = postSolution
		SolutionGuid = {CD0DE499-E227-4ACB-8B5C-81D06069BA21}
	EndGlobalSection
EndGlobal
